version: 6
environments:
  default:
    channels:
    - url: https://conda.anaconda.org/conda-forge/
    indexes:
    - https://pypi.org/simple
    packages:
      osx-arm64:
      - conda: https://conda.anaconda.org/conda-forge/osx-arm64/bzip2-1.0.8-h99b78c6_7.conda
      - conda: https://conda.anaconda.org/conda-forge/noarch/ca-certificates-2025.4.26-hbd8a1cb_0.conda
      - conda: https://conda.anaconda.org/conda-forge/osx-arm64/libexpat-2.7.0-h286801f_0.conda
      - conda: https://conda.anaconda.org/conda-forge/osx-arm64/libffi-3.4.6-h1da3d7d_1.conda
      - conda: https://conda.anaconda.org/conda-forge/osx-arm64/liblzma-5.8.1-h39f12f2_1.conda
      - conda: https://conda.anaconda.org/conda-forge/osx-arm64/libsqlite-3.49.2-h3f77e49_0.conda
      - conda: https://conda.anaconda.org/conda-forge/osx-arm64/libzlib-1.3.1-h8359307_2.conda
      - conda: https://conda.anaconda.org/conda-forge/osx-arm64/ncurses-6.5-h5e97a16_3.conda
      - conda: https://conda.anaconda.org/conda-forge/osx-arm64/openssl-3.5.0-h81ee809_1.conda
      - conda: https://conda.anaconda.org/conda-forge/noarch/pip-25.1.1-pyh8b19718_0.conda
      - conda: https://conda.anaconda.org/conda-forge/osx-arm64/python-3.12.10-hc22306f_0_cpython.conda
      - conda: https://conda.anaconda.org/conda-forge/osx-arm64/readline-8.2-h1d1bf99_2.conda
      - conda: https://conda.anaconda.org/conda-forge/noarch/setuptools-80.8.0-pyhff2d567_0.conda
      - conda: https://conda.anaconda.org/conda-forge/osx-arm64/tk-8.6.13-h5083fa2_1.conda
      - conda: https://conda.anaconda.org/conda-forge/noarch/tzdata-2025b-h78e105d_0.conda
      - conda: https://conda.anaconda.org/conda-forge/noarch/wheel-0.45.1-pyhd8ed1ab_1.conda
      - pypi: https://files.pythonhosted.org/packages/ff/62/85c4c919272577931d407be5ba5d71c20f0b616d31a0befe0ae45bb79abd/imagesize-1.4.1-py2.py3-none-any.whl
packages:
- conda: https://conda.anaconda.org/conda-forge/osx-arm64/bzip2-1.0.8-h99b78c6_7.conda
  sha256: adfa71f158cbd872a36394c56c3568e6034aa55c623634b37a4836bd036e6b91
  md5: fc6948412dbbbe9a4c9ddbbcfe0a79ab
  depends:
  - __osx >=11.0
  license: bzip2-1.0.6
  license_family: BSD
  purls: []
  size: 122909
  timestamp: 1720974522888
- conda: https://conda.anaconda.org/conda-forge/noarch/ca-certificates-2025.4.26-hbd8a1cb_0.conda
  sha256: 2a70ed95ace8a3f8a29e6cd1476a943df294a7111dfb3e152e3478c4c889b7ac
  md5: 95db94f75ba080a22eb623590993167b
  depends:
  - __unix
  license: ISC
  purls: []
  size: 152283
  timestamp: 1745653616541
- pypi: https://files.pythonhosted.org/packages/ff/62/85c4c919272577931d407be5ba5d71c20f0b616d31a0befe0ae45bb79abd/imagesize-1.4.1-py2.py3-none-any.whl
  name: imagesize
  version: 1.4.1
  sha256: 0d8d18d08f840c19d0ee7ca1fd82490fdc3729b7ac93f49870406ddde8ef8d8b
  requires_python: '>=2.7,!=3.0.*,!=3.1.*,!=3.2.*,!=3.3.*'
- conda: https://conda.anaconda.org/conda-forge/osx-arm64/libexpat-2.7.0-h286801f_0.conda
  sha256: ee550e44765a7bbcb2a0216c063dcd53ac914a7be5386dd0554bd06e6be61840
  md5: 6934bbb74380e045741eb8637641a65b
  depends:
  - __osx >=11.0
  constrains:
  - expat 2.7.0.*
  license: MIT
  license_family: MIT
  purls: []
  size: 65714
  timestamp: 1743431789879
- conda: https://conda.anaconda.org/conda-forge/osx-arm64/libffi-3.4.6-h1da3d7d_1.conda
  sha256: c6a530924a9b14e193ea9adfe92843de2a806d1b7dbfd341546ece9653129e60
  md5: c215a60c2935b517dcda8cad4705734d
  depends:
  - __osx >=11.0
  license: MIT
  license_family: MIT
  purls: []
  size: 39839
  timestamp: 1743434670405
- conda: https://conda.anaconda.org/conda-forge/osx-arm64/liblzma-5.8.1-h39f12f2_1.conda
  sha256: 5ab62c179229640c34491a7de806ad4ab7bec47ea2b5fc2136e3b8cf5ef26a57
  md5: 4e8ef3d79c97c9021b34d682c24c2044
  depends:
  - __osx >=11.0
  constrains:
  - xz 5.8.1.*
  - xz ==5.8.1=*_1
  license: 0BSD
  purls: []
  size: 92218
  timestamp: 1746531818330
- conda: https://conda.anaconda.org/conda-forge/osx-arm64/libsqlite-3.49.2-h3f77e49_0.conda
  sha256: d89f979497cf56eccb099b6ab9558da7bba1f1ba264f50af554e0ea293d9dcf9
  md5: 85f443033cd5b3df82b5cabf79bddb09
  depends:
  - __osx >=11.0
  - libzlib >=1.3.1,<2.0a0
  license: Unlicense
  purls: []
  size: 899462
  timestamp: 1746637228408
- conda: https://conda.anaconda.org/conda-forge/osx-arm64/libzlib-1.3.1-h8359307_2.conda
  sha256: ce34669eadaba351cd54910743e6a2261b67009624dbc7daeeafdef93616711b
  md5: 369964e85dc26bfe78f41399b366c435
  depends:
  - __osx >=11.0
  constrains:
  - zlib 1.3.1 *_2
  license: Zlib
  license_family: Other
  purls: []
  size: 46438
  timestamp: 1727963202283
- conda: https://conda.anaconda.org/conda-forge/osx-arm64/ncurses-6.5-h5e97a16_3.conda
  sha256: 2827ada40e8d9ca69a153a45f7fd14f32b2ead7045d3bbb5d10964898fe65733
  md5: 068d497125e4bf8a66bf707254fff5ae
  depends:
  - __osx >=11.0
  license: X11 AND BSD-3-Clause
  purls: []
  size: 797030
  timestamp: 1738196177597
- conda: https://conda.anaconda.org/conda-forge/osx-arm64/openssl-3.5.0-h81ee809_1.conda
  sha256: 73d366c1597a10bcd5f3604b5f0734b31c23225536e03782c6a13f9be9d01bff
  md5: 5c7aef00ef60738a14e0e612cfc5bcde
  depends:
  - __osx >=11.0
  - ca-certificates
  license: Apache-2.0
  license_family: Apache
  purls: []
  size: 3064197
  timestamp: 1746223530698
- conda: https://conda.anaconda.org/conda-forge/noarch/pip-25.1.1-pyh8b19718_0.conda
  sha256: ebfa591d39092b111b9ebb3210eb42251be6da89e26c823ee03e5e838655a43e
  md5: 32d0781ace05105cc99af55d36cbec7c
  depends:
  - python >=3.9,<3.13.0a0
  - setuptools
  - wheel
  license: MIT
  license_family: MIT
  purls:
  - pkg:pypi/pip?source=hash-mapping
  size: 1242995
  timestamp: 1746249983238
- conda: https://conda.anaconda.org/conda-forge/osx-arm64/python-3.12.10-hc22306f_0_cpython.conda
  sha256: 69aed911271e3f698182e9a911250b05bdf691148b670a23e0bea020031e298e
  md5: c88f1a7e1e7b917d9c139f03b0960fea
  depends:
  - __osx >=11.0
  - bzip2 >=1.0.8,<2.0a0
  - libexpat >=2.7.0,<3.0a0
  - libffi >=3.4.6,<3.5.0a0
  - liblzma >=5.8.1,<6.0a0
  - libsqlite >=3.49.1,<4.0a0
  - libzlib >=1.3.1,<2.0a0
  - ncurses >=6.5,<7.0a0
  - openssl >=3.5.0,<4.0a0
  - readline >=8.2,<9.0a0
  - tk >=8.6.13,<8.7.0a0
  - tzdata
  constrains:
  - python_abi 3.12.* *_cp312
  license: Python-2.0
  purls: []
  size: 12932743
  timestamp: 1744323815320
- conda: https://conda.anaconda.org/conda-forge/osx-arm64/readline-8.2-h1d1bf99_2.conda
  sha256: 7db04684d3904f6151eff8673270922d31da1eea7fa73254d01c437f49702e34
  md5: 63ef3f6e6d6d5c589e64f11263dc5676
  depends:
  - ncurses >=6.5,<7.0a0
  license: GPL-3.0-only
  license_family: GPL
  purls: []
  size: 252359
  timestamp: 1740379663071
- conda: https://conda.anaconda.org/conda-forge/noarch/setuptools-80.8.0-pyhff2d567_0.conda
  sha256: 56ce31d15786e1df2f1105076f3650cd7c1892e0afeeb9aa92a08d2551af2e34
  md5: ea075e94dc0106c7212128b6a25bbc4c
  depends:
  - python >=3.9
  license: MIT
  license_family: MIT
  purls:
  - pkg:pypi/setuptools?source=hash-mapping
  size: 748621
  timestamp: 1747807014292
- conda: https://conda.anaconda.org/conda-forge/osx-arm64/tk-8.6.13-h5083fa2_1.conda
  sha256: 72457ad031b4c048e5891f3f6cb27a53cb479db68a52d965f796910e71a403a8
  md5: b50a57ba89c32b62428b71a875291c9b
  depends:
  - libzlib >=1.2.13,<2.0.0a0
  license: TCL
  license_family: BSD
  purls: []
  size: 3145523
  timestamp: 1699202432999
- conda: https://conda.anaconda.org/conda-forge/noarch/tzdata-2025b-h78e105d_0.conda
  sha256: 5aaa366385d716557e365f0a4e9c3fca43ba196872abbbe3d56bb610d131e192
  md5: 4222072737ccff51314b5ece9c7d6f5a
  license: LicenseRef-Public-Domain
  purls: []
  size: 122968
  timestamp: 1742727099393
- conda: https://conda.anaconda.org/conda-forge/noarch/wheel-0.45.1-pyhd8ed1ab_1.conda
  sha256: 1b34021e815ff89a4d902d879c3bd2040bc1bd6169b32e9427497fa05c55f1ce
  md5: 75cb7132eb58d97896e173ef12ac9986
  depends:
  - python >=3.9
  license: MIT
  license_family: MIT
  purls:
  - pkg:pypi/wheel?source=hash-mapping
  size: 62931
  timestamp: 1733130309598
